
Microsoft Visual Studio Solution File, Format Version 12.00
# Visual Studio Version 17
VisualStudioVersion = 17.0.32112.339
MinimumVisualStudioVersion = 10.0.40219.1
Project("{9A19103F-16F7-4668-BE54-9A1E7A4F7556}") = "DotNetCore.Extensions", "src\DotNetCore.Extensions\DotNetCore.Extensions.csproj", "{94BB2D81-E9AE-4839-ACE0-3A3350E4E20D}"
EndProject
Global
	GlobalSection(SolutionConfigurationPlatforms) = preSolution
		Debug|Any CPU = Debug|Any CPU
		Release|Any CPU = Release|Any CPU
	EndGlobalSection
	GlobalSection(ProjectConfigurationPlatforms) = postSolution
		{94BB2D81-E9AE-4839-ACE0-3A3350E4E20D}.Debug|Any CPU.ActiveCfg = Debug|Any CPU
		{94BB2D81-E9AE-4839-ACE0-3A3350E4E20D}.Debug|Any CPU.Build.0 = Debug|Any CPU
		{94BB2D81-E9AE-4839-ACE0-3A3350E4E20D}.Release|Any CPU.ActiveCfg = Release|Any CPU
		{94BB2D81-E9AE-4839-ACE0-3A3350E4E20D}.Release|Any CPU.Build.0 = Release|Any CPU
	EndGlobalSection
	GlobalSection(SolutionProperties) = preSolution
		HideSolutionNode = FALSE
	EndGlobalSection
	GlobalSection(ExtensibilityGlobals) = postSolution
		SolutionGuid = {6C4A1834-2097-4084-B24C-D67319D54A97}
	EndGlobalSection
EndGlobal
